{
  "lockfileVersion": 1,
  "workspaces": {
    "": {
      "name": "urbit-key-generation",
      "dependencies": {
        "@ethersproject/address": "^5.8.0",
        "@ethersproject/keccak256": "^5.8.0",
        "@ethersproject/transaction": "^6.0.0-beta.2",
        "@urbit/nockjs": "^1.6.0",
        "argon2-wasm": "^0.9.0",
        "bip32": "^5.0.0-rc.0",
        "bip39": "^3.1.0",
        "js-sha256": "^0.11.0",
        "secp256k1": "^5.0.1",
        "tiny-secp256k1": "^2.2.3",
        "tweetnacl": "^1.0.3",
        "urbit-ob": "file:../urbit-ob",
      },
      "devDependencies": {
        "@types/bun": "latest",
        "@types/secp256k1": "^4.0.6",
      },
      "peerDependencies": {
        "typescript": "^5",
      },
    },
  },
  "packages": {
    "@ethersproject/address": ["@ethersproject/address@5.8.0", "", { "dependencies": { "@ethersproject/bignumber": "^5.8.0", "@ethersproject/bytes": "^5.8.0", "@ethersproject/keccak256": "^5.8.0", "@ethersproject/logger": "^5.8.0", "@ethersproject/rlp": "^5.8.0" } }, "sha512-GhH/abcC46LJwshoN+uBNoKVFPxUuZm6dA257z0vZkKmU1+t8xTn8oK7B9qrj8W2rFRMch4gbJl6PmVxjxBEBA=="],

    "@ethersproject/bignumber": ["@ethersproject/bignumber@5.8.0", "", { "dependencies": { "@ethersproject/bytes": "^5.8.0", "@ethersproject/logger": "^5.8.0", "bn.js": "^5.2.1" } }, "sha512-ZyaT24bHaSeJon2tGPKIiHszWjD/54Sz8t57Toch475lCLljC6MgPmxk7Gtzz+ddNN5LuHea9qhAe0x3D+uYPA=="],

    "@ethersproject/bytes": ["@ethersproject/bytes@5.8.0", "", { "dependencies": { "@ethersproject/logger": "^5.8.0" } }, "sha512-vTkeohgJVCPVHu5c25XWaWQOZ4v+DkGoC42/TS2ond+PARCxTJvgTFUNDZovyQ/uAQ4EcpqqowKydcdmRKjg7A=="],

    "@ethersproject/crypto": ["@ethersproject/crypto@6.0.0-beta.1", "", { "dependencies": { "@ethersproject/bytes": "^6.0.0-beta.1", "@ethersproject/logger": "^6.0.0-beta.1", "@noble/hashes": "1.0.0" } }, "sha512-Rqo/2Mc2iNAYPnXM24YcReQS5N/8PmYcD6ptQHeble2iBvfXuvjW9WJ7CrRwA3mO+UJAW0uidfUVJ7kFdfgFCQ=="],

    "@ethersproject/keccak256": ["@ethersproject/keccak256@5.8.0", "", { "dependencies": { "@ethersproject/bytes": "^5.8.0", "js-sha3": "0.8.0" } }, "sha512-A1pkKLZSz8pDaQ1ftutZoaN46I6+jvuqugx5KYNeQOPqq+JZ0Txm7dlWesCHB5cndJSu5vP2VKptKf7cksERng=="],

    "@ethersproject/logger": ["@ethersproject/logger@5.8.0", "", {}, "sha512-Qe6knGmY+zPPWTC+wQrpitodgBfH7XoceCGL5bJVejmH+yCS3R8jJm8iiWuvWbG76RUmyEG53oqv6GMVWqunjA=="],

    "@ethersproject/math": ["@ethersproject/math@6.0.0-beta.1", "", { "dependencies": { "@ethersproject/bytes": "^6.0.0-beta.1", "@ethersproject/logger": "^6.0.0-beta.1" } }, "sha512-IcJgiw/q357atCdSSvkSAFjnRZapb2OZMGUw4p/e3hSRVccQB5+/JKBPRm5KIPE8uxgp1G3T34hoeXreu87Hdw=="],

    "@ethersproject/properties": ["@ethersproject/properties@6.0.0-beta.6", "", { "dependencies": { "@ethersproject/logger": "^6.0.0-beta.1" } }, "sha512-dVDsFK05qPSlqK03QAOiLGcfo12thi1qzLObBashmbOwF2DXpC8Xk/dF4EXZ/FXXtD8NNrAHsFg7fRl7lKDeFQ=="],

    "@ethersproject/rlp": ["@ethersproject/rlp@5.8.0", "", { "dependencies": { "@ethersproject/bytes": "^5.8.0", "@ethersproject/logger": "^5.8.0" } }, "sha512-LqZgAznqDbiEunaUvykH2JAoXTT9NV0Atqk8rQN9nx9SEgThA/WMx5DnW8a9FOufo//6FZOCHZ+XiClzgbqV9Q=="],

    "@ethersproject/signing-key": ["@ethersproject/signing-key@6.0.0-beta.2", "", { "dependencies": { "@ethersproject/bytes": "^6.0.0-beta.1", "@ethersproject/crypto": "^6.0.0-beta.1", "@ethersproject/logger": "^6.0.0-beta.1", "@ethersproject/math": "^6.0.0-beta.1", "@ethersproject/properties": "^6.0.0-beta.1", "@noble/secp256k1": "1.5.5" } }, "sha512-mv3BSRw/KPySuPebxu/XbuzHSbmodNtRuU3HeOKv65qiGo9XtqMp8aikl23BhqdyNQZQW1f+ACzC/kVycHls0Q=="],

    "@ethersproject/transaction": ["@ethersproject/transaction@6.0.0-beta.2", "", { "dependencies": { "@ethersproject/address": "^6.0.0-beta.1", "@ethersproject/bytes": "^6.0.0-beta.1", "@ethersproject/crypto": "^6.0.0-beta.1", "@ethersproject/logger": "^6.0.0-beta.1", "@ethersproject/math": "^6.0.0-beta.1", "@ethersproject/properties": "^6.0.0-beta.1", "@ethersproject/rlp": "^6.0.0-beta.1", "@ethersproject/signing-key": "^6.0.0-beta.1" } }, "sha512-zHAS95LAadbN2IAqHqjJwvK150/klqIK9HTnTpE6vVCQpXWCx2Ici0/jtywYMCxT5WdtUnDNT9FHGIHecs7agA=="],

    "@noble/hashes": ["@noble/hashes@1.8.0", "", {}, "sha512-jCs9ldd7NwzpgXDIf6P3+NrHh9/sD6CQdxHyjQI+h/6rDNo88ypBxxz45UDuZHz9r3tNz7N/VInSVoVdtXEI4A=="],

    "@noble/secp256k1": ["@noble/secp256k1@1.5.5", "", {}, "sha512-sZ1W6gQzYnu45wPrWx8D3kwI2/U29VYTx9OjbDAd7jwRItJ0cSTMPRL/C8AWZFn9kWFLQGqEXVEE86w4Z8LpIQ=="],

    "@scure/base": ["@scure/base@1.2.5", "", {}, "sha512-9rE6EOVeIQzt5TSu4v+K523F8u6DhBsoZWPGKlnCshhlDhy0kJzUX4V+tr2dWmzF1GdekvThABoEQBGBQI7xZw=="],

    "@types/bun": ["@types/bun@1.2.10", "", { "dependencies": { "bun-types": "1.2.10" } }, "sha512-eilv6WFM3M0c9ztJt7/g80BDusK98z/FrFwseZgT4bXCq2vPhXD4z8R3oddmAn+R/Nmz9vBn4kweJKmGTZj+lg=="],

    "@types/lodash": ["@types/lodash@4.17.16", "", {}, "sha512-HX7Em5NYQAXKW+1T+FiuG27NGwzJfCX3s1GjOa7ujxZa52kjJLOr4FUxT+giF6Tgxv1e+/czV/iTtBw27WTU9g=="],

    "@types/node": ["@types/node@22.15.3", "", { "dependencies": { "undici-types": "~6.21.0" } }, "sha512-lX7HFZeHf4QG/J7tBZqrCAXwz9J5RD56Y6MpP0eJkka8p+K0RY/yBTW7CYFJ4VGCclxqOLKmiGP5juQc6MKgcw=="],

    "@types/secp256k1": ["@types/secp256k1@4.0.6", "", { "dependencies": { "@types/node": "*" } }, "sha512-hHxJU6PAEUn0TP4S/ZOzuTUvJWuZ6eIKeNKb5RBpODvSl6hp1Wrw4s7ATY50rklRCScUDpHzVA/DQdSjJ3UoYQ=="],

    "@urbit/nockjs": ["@urbit/nockjs@1.6.0", "", {}, "sha512-f2xCIxoYQh+bp/p6qztvgxnhGsnUwcrSSvW2CUKX7BPPVkDNppQCzCVPWo38TbqgChE7wh6rC1pm6YNCOyFlQA=="],

    "argon2-wasm": ["argon2-wasm@0.9.0", "", {}, "sha512-bt5xqrDt5FnA1gdLLouOwi2NN1h9BeML8DmKth7CCYhygoXUEDeIxEMB++q+CUPQ8U5gju065Z0MjI+hVSXX7A=="],

    "base-x": ["base-x@5.0.1", "", {}, "sha512-M7uio8Zt++eg3jPj+rHMfCC+IuygQHHCOU+IYsVtik6FWjuYpVt/+MRKcgsAMHh8mMFAwnB+Bs+mTrFiXjMzKg=="],

    "bip32": ["bip32@5.0.0-rc.0", "", { "dependencies": { "@noble/hashes": "^1.2.0", "@scure/base": "^1.1.1", "uint8array-tools": "^0.0.8", "valibot": "^0.37.0", "wif": "^5.0.0" } }, "sha512-5hVFGrdCnF8GB1Lj2eEo4PRE7+jp+3xBLnfNjydivOkMvKmUKeJ9GG8uOy8prmWl3Oh154uzgfudR1FRkNBudA=="],

    "bip39": ["bip39@3.1.0", "", { "dependencies": { "@noble/hashes": "^1.2.0" } }, "sha512-c9kiwdk45Do5GL0vJMe7tS95VjCii65mYAH7DfWl3uW8AVzXKQVUm64i3hzVybBDMp9r7j9iNxR85+ul8MdN/A=="],

    "bn.js": ["bn.js@5.2.2", "", {}, "sha512-v2YAxEmKaBLahNwE1mjp4WON6huMNeuDvagFZW+ASCuA/ku0bXR9hSMw0XpiqMoA3+rmnyck/tPRSFQkoC9Cuw=="],

    "brorand": ["brorand@1.1.0", "", {}, "sha512-cKV8tMCEpQs4hK/ik71d6LrPOnpkpGBR0wzxqr68g2m/LB2GxVYQroAjMJZRVM1Y4BCjCKc3vAamxSzOY2RP+w=="],

    "bs58": ["bs58@6.0.0", "", { "dependencies": { "base-x": "^5.0.0" } }, "sha512-PD0wEnEYg6ijszw/u8s+iI3H17cTymlrwkKhDhPZq+Sokl3AU4htyBFTjAeNAlCCmg0f53g6ih3jATyCKftTfw=="],

    "bs58check": ["bs58check@4.0.0", "", { "dependencies": { "@noble/hashes": "^1.2.0", "bs58": "^6.0.0" } }, "sha512-FsGDOnFg9aVI9erdriULkd/JjEWONV/lQE5aYziB5PoBsXRind56lh8doIZIc9X4HoxT5x4bLjMWN1/NB8Zp5g=="],

    "bun-types": ["bun-types@1.2.10", "", { "dependencies": { "@types/node": "*" } }, "sha512-b5ITZMnVdf3m1gMvJHG+gIfeJHiQPJak0f7925Hxu6ZN5VKA8AGy4GZ4lM+Xkn6jtWxg5S3ldWvfmXdvnkp3GQ=="],

    "elliptic": ["elliptic@6.6.1", "", { "dependencies": { "bn.js": "^4.11.9", "brorand": "^1.1.0", "hash.js": "^1.0.0", "hmac-drbg": "^1.0.1", "inherits": "^2.0.4", "minimalistic-assert": "^1.0.1", "minimalistic-crypto-utils": "^1.0.1" } }, "sha512-RaddvvMatK2LJHqFJ+YA4WysVN5Ita9E35botqIYspQ4TkRAlCicdzKOjlyv/1Za5RyTNn7di//eEV0uTAfe3g=="],

    "hash.js": ["hash.js@1.1.7", "", { "dependencies": { "inherits": "^2.0.3", "minimalistic-assert": "^1.0.1" } }, "sha512-taOaskGt4z4SOANNseOviYDvjEJinIkRgmp7LbKP2YTTmVxWBl87s/uzK9r+44BclBSp2X7K1hqeNfz9JbBeXA=="],

    "hmac-drbg": ["hmac-drbg@1.0.1", "", { "dependencies": { "hash.js": "^1.0.3", "minimalistic-assert": "^1.0.0", "minimalistic-crypto-utils": "^1.0.1" } }, "sha512-Tti3gMqLdZfhOQY1Mzf/AanLiqh1WTiJgEj26ZuYQ9fbkLomzGchCws4FyrSd4VkpBfiNhaE1On+lOz894jvXg=="],

    "inherits": ["inherits@2.0.4", "", {}, "sha512-k/vGaX4/Yla3WzyMCvTQOXYeIHvqOKtnqBduzTHpzpQZzAskKMhZ2K+EnBiSM9zGSoIFeMpXKxa4dYeZIQqewQ=="],

    "js-sha256": ["js-sha256@0.11.0", "", {}, "sha512-6xNlKayMZvds9h1Y1VWc0fQHQ82BxTXizWPEtEeGvmOUYpBRy4gbWroHLpzowe6xiQhHpelCQiE7HEdznyBL9Q=="],

    "js-sha3": ["js-sha3@0.8.0", "", {}, "sha512-gF1cRrHhIzNfToc802P800N8PpXS+evLLXfsVpowqmAFR9uwbi89WvXg2QspOmXL8QL86J4T1EpFu+yUkwJY3Q=="],

    "lodash": ["lodash@4.17.21", "", {}, "sha512-v2kDEe57lecTulaDIuNTPy3Ry4gLGJ6Z1O3vE1krgXZNrsQ+LFTGHVxVjcXPs17LhbZVGedAJv8XZ1tvj5FvSg=="],

    "minimalistic-assert": ["minimalistic-assert@1.0.1", "", {}, "sha512-UtJcAD4yEaGtjPezWuO9wC4nwUnVH/8/Im3yEHQP4b67cXlD/Qr9hdITCU1xDbSEXg2XKNaP8jsReV7vQd00/A=="],

    "minimalistic-crypto-utils": ["minimalistic-crypto-utils@1.0.1", "", {}, "sha512-JIYlbt6g8i5jKfJ3xz7rF0LXmv2TkDxBLUkiBeZ7bAx4GnnNMr8xFpGnOxn6GhTEHx3SjRrZEoU+j04prX1ktg=="],

    "node-addon-api": ["node-addon-api@5.1.0", "", {}, "sha512-eh0GgfEkpnoWDq+VY8OyvYhFEzBk6jIYbRKdIlyTiAXIVJ8PyBaKb0rp7oDtoddbdoHWhq8wwr+XZ81F1rpNdA=="],

    "node-gyp-build": ["node-gyp-build@4.8.4", "", { "bin": { "node-gyp-build": "bin.js", "node-gyp-build-optional": "optional.js", "node-gyp-build-test": "build-test.js" } }, "sha512-LA4ZjwlnUblHVgq0oBF3Jl/6h/Nvs5fzBLwdEF4nuxnFdsfajde4WfxtJr3CaiH+F6ewcIB/q4jQ4UzPyid+CQ=="],

    "secp256k1": ["secp256k1@5.0.1", "", { "dependencies": { "elliptic": "^6.5.7", "node-addon-api": "^5.0.0", "node-gyp-build": "^4.2.0" } }, "sha512-lDFs9AAIaWP9UCdtWrotXWWF9t8PWgQDcxqgAnpM9rMqxb3Oaq2J0thzPVSxBwdJgyQtkU/sYtFtbM1RSt/iYA=="],

    "tiny-secp256k1": ["tiny-secp256k1@2.2.3", "", { "dependencies": { "uint8array-tools": "0.0.7" } }, "sha512-SGcL07SxcPN2nGKHTCvRMkQLYPSoeFcvArUSCYtjVARiFAWU44cCIqYS0mYAU6nY7XfvwURuTIGo2Omt3ZQr0Q=="],

    "tweetnacl": ["tweetnacl@1.0.3", "", {}, "sha512-6rt+RN7aOi1nGMyC4Xa5DdYiukl2UWCbcJft7YhxReBGQD7OAM8Pbxw6YMo4r2diNEA8FEmu32YOn9rhaiE5yw=="],

    "typescript": ["typescript@5.8.3", "", { "bin": { "tsc": "bin/tsc", "tsserver": "bin/tsserver" } }, "sha512-p1diW6TqL9L07nNxvRMM7hMMw4c5XOo/1ibL4aAIGmSAt9slTE1Xgw5KWuof2uTOvCg9BY7ZRi+GaF+7sfgPeQ=="],

    "uint8array-tools": ["uint8array-tools@0.0.8", "", {}, "sha512-xS6+s8e0Xbx++5/0L+yyexukU7pz//Yg6IHg3BKhXotg1JcYtgxVcUctQ0HxLByiJzpAkNFawz1Nz5Xadzo82g=="],

    "undici-types": ["undici-types@6.21.0", "", {}, "sha512-iwDZqg0QAGrg9Rav5H4n0M64c3mkR59cJ6wQp+7C4nI0gsmExaedaYLNO44eT4AtBBwjbTiGPMlt2Md0T9H9JQ=="],

    "urbit-ob": ["urbit-ob-ts@file:../urbit-ob", { "dependencies": { "lodash": "^4.17.21" }, "devDependencies": { "@types/bun": "latest", "@types/lodash": "^4.17.16" }, "peerDependencies": { "typescript": "^5" } }],

    "valibot": ["valibot@0.37.0", "", { "peerDependencies": { "typescript": ">=5" }, "optionalPeers": ["typescript"] }, "sha512-FQz52I8RXgFgOHym3XHYSREbNtkgSjF9prvMFH1nBsRyfL6SfCzoT1GuSDTlbsuPubM7/6Kbw0ZMQb8A+V+VsQ=="],

    "wif": ["wif@5.0.0", "", { "dependencies": { "bs58check": "^4.0.0" } }, "sha512-iFzrC/9ne740qFbNjTZ2FciSRJlHIXoxqk/Y5EnE08QOXu1WjJyCCswwDTYbohAOEnlCtLaAAQBhyaLRFh2hMA=="],

    "@ethersproject/crypto/@ethersproject/bytes": ["@ethersproject/bytes@6.0.0-beta.3", "", { "dependencies": { "@ethersproject/logger": "^6.0.0-beta.1" } }, "sha512-yA496ZVE/GsYYSMsjdOaWGHHYz+S2EEeG8xNKnSoPo0tUzPa+XC8bfURSv5p1Og+Sw5JsZahADlisOPzN6v+LQ=="],

    "@ethersproject/crypto/@ethersproject/logger": ["@ethersproject/logger@6.0.0-beta.7", "", {}, "sha512-n+ss5A6FoN75+9FLlPHcbTxdqi9BqdOYN+2Hw5G7I9/AoFTvBHR+7ywJDI+aia77KCoylsTndE3sja3456J2rA=="],

    "@ethersproject/crypto/@noble/hashes": ["@noble/hashes@1.0.0", "", {}, "sha512-DZVbtY62kc3kkBtMHqwCOfXrT/hnoORy5BJ4+HU1IR59X0KWAOqsfzQPcUl/lQLlG7qXbe/fZ3r/emxtAl+sqg=="],

    "@ethersproject/math/@ethersproject/bytes": ["@ethersproject/bytes@6.0.0-beta.3", "", { "dependencies": { "@ethersproject/logger": "^6.0.0-beta.1" } }, "sha512-yA496ZVE/GsYYSMsjdOaWGHHYz+S2EEeG8xNKnSoPo0tUzPa+XC8bfURSv5p1Og+Sw5JsZahADlisOPzN6v+LQ=="],

    "@ethersproject/math/@ethersproject/logger": ["@ethersproject/logger@6.0.0-beta.7", "", {}, "sha512-n+ss5A6FoN75+9FLlPHcbTxdqi9BqdOYN+2Hw5G7I9/AoFTvBHR+7ywJDI+aia77KCoylsTndE3sja3456J2rA=="],

    "@ethersproject/properties/@ethersproject/logger": ["@ethersproject/logger@6.0.0-beta.7", "", {}, "sha512-n+ss5A6FoN75+9FLlPHcbTxdqi9BqdOYN+2Hw5G7I9/AoFTvBHR+7ywJDI+aia77KCoylsTndE3sja3456J2rA=="],

    "@ethersproject/signing-key/@ethersproject/bytes": ["@ethersproject/bytes@6.0.0-beta.3", "", { "dependencies": { "@ethersproject/logger": "^6.0.0-beta.1" } }, "sha512-yA496ZVE/GsYYSMsjdOaWGHHYz+S2EEeG8xNKnSoPo0tUzPa+XC8bfURSv5p1Og+Sw5JsZahADlisOPzN6v+LQ=="],

    "@ethersproject/signing-key/@ethersproject/logger": ["@ethersproject/logger@6.0.0-beta.7", "", {}, "sha512-n+ss5A6FoN75+9FLlPHcbTxdqi9BqdOYN+2Hw5G7I9/AoFTvBHR+7ywJDI+aia77KCoylsTndE3sja3456J2rA=="],

    "@ethersproject/transaction/@ethersproject/address": ["@ethersproject/address@6.0.0-beta.2", "", { "dependencies": { "@ethersproject/bytes": "^6.0.0-beta.1", "@ethersproject/crypto": "^6.0.0-beta.1", "@ethersproject/logger": "^6.0.0-beta.1", "@ethersproject/rlp": "^6.0.0-beta.1" } }, "sha512-FnCEwDD3edepRXv4Y2wuGyLE1NiXEplYzDkHIU77LLzxYsrmcoiJuFFeNIDPJOjPYGUq01Mv2UEAxYGq/RJsQA=="],

    "@ethersproject/transaction/@ethersproject/bytes": ["@ethersproject/bytes@6.0.0-beta.3", "", { "dependencies": { "@ethersproject/logger": "^6.0.0-beta.1" } }, "sha512-yA496ZVE/GsYYSMsjdOaWGHHYz+S2EEeG8xNKnSoPo0tUzPa+XC8bfURSv5p1Og+Sw5JsZahADlisOPzN6v+LQ=="],

    "@ethersproject/transaction/@ethersproject/logger": ["@ethersproject/logger@6.0.0-beta.7", "", {}, "sha512-n+ss5A6FoN75+9FLlPHcbTxdqi9BqdOYN+2Hw5G7I9/AoFTvBHR+7ywJDI+aia77KCoylsTndE3sja3456J2rA=="],

    "@ethersproject/transaction/@ethersproject/rlp": ["@ethersproject/rlp@6.0.0-beta.2", "", { "dependencies": { "@ethersproject/bytes": "^6.0.0-beta.1", "@ethersproject/logger": "^6.0.0-beta.1" } }, "sha512-wGXvHMsiE0YdvpCEbZHUXwbGgGEPHd7eRedmjQrJ/tqBOHmqYLDkwYiQL9iCW2rfdsh60p0jRBF3Htb/WmWjmg=="],

    "elliptic/bn.js": ["bn.js@4.12.2", "", {}, "sha512-n4DSx829VRTRByMRGdjQ9iqsN0Bh4OolPsFnaZBLcbi8iXcB+kJ9s7EnRt4wILZNV3kPLHkRVfOc/HvhC3ovDw=="],

    "tiny-secp256k1/uint8array-tools": ["uint8array-tools@0.0.7", "", {}, "sha512-vrrNZJiusLWoFWBqz5Y5KMCgP9W9hnjZHzZiZRT8oNAkq3d5Z5Oe76jAvVVSRh4U8GGR90N2X1dWtrhvx6L8UQ=="],
  }
}
